
Microsoft Visual Studio Solution File, Format Version 12.00
# Visual Studio Version 16
VisualStudioVersion = 16.0.31402.337
MinimumVisualStudioVersion = 10.0.40219.1
Project("{FAE04EC0-301F-11D3-BF4B-00C04F79EFBC}") = "BigSchool", "BigSchool.csproj", "{4D3D1D07-9EF1-44B8-95E7-1F21F3CBE698}"
EndProject
Global
	GlobalSection(SolutionConfigurationPlatforms) = preSolution
		Debug|Any CPU = Debug|Any CPU
		Release|Any CPU = Release|Any CPU
	EndGlobalSection
	GlobalSection(ProjectConfigurationPlatforms) = postSolution
		{4D3D1D07-9EF1-44B8-95E7-1F21F3CBE698}.Debug|Any CPU.ActiveCfg = Debug|Any CPU
		{4D3D1D07-9EF1-44B8-95E7-1F21F3CBE698}.Debug|Any CPU.Build.0 = Debug|Any CPU
		{4D3D1D07-9EF1-44B8-95E7-1F21F3CBE698}.Release|Any CPU.ActiveCfg = Release|Any CPU
		{4D3D1D07-9EF1-44B8-95E7-1F21F3CBE698}.Release|Any CPU.Build.0 = Release|Any CPU
	EndGlobalSection
	GlobalSection(SolutionProperties) = preSolution
		HideSolutionNode = FALSE
	EndGlobalSection
	GlobalSection(ExtensibilityGlobals) = postSolution
		SolutionGuid = {7FD01B30-64A3-4D96-A165-C553F39380F9}
	EndGlobalSection
EndGlobal
